// !$*UTF8*$!
{
	archiveVersion = 1;
	classes = {
	};
	objectVersion = 50;
	objects = {

/* Begin PBXBuildFile section */
		CBC6ADA22473EDF200A7A2C8 /* AppDelegate.swift in Sources */ = {isa = PBXBuildFile; fileRef = CBC6ADA12473EDF200A7A2C8 /* AppDelegate.swift */; };
		CBC6ADA42473EDF200A7A2C8 /* SceneDelegate.swift in Sources */ = {isa = PBXBuildFile; fileRef = CBC6ADA32473EDF200A7A2C8 /* SceneDelegate.swift */; };
		CBC6ADA62473EDF200A7A2C8 /* ViewController.swift in Sources */ = {isa = PBXBuildFile; fileRef = CBC6ADA52473EDF200A7A2C8 /* ViewController.swift */; };
		CBC6ADA92473EDF200A7A2C8 /* Main.storyboard in Resources */ = {isa = PBXBuildFile; fileRef = CBC6ADA72473EDF200A7A2C8 /* Main.storyboard */; };
		CBC6ADAB2473EDF800A7A2C8 /* Assets.xcassets in Resources */ = {isa = PBXBuildFile; fileRef = CBC6ADAA2473EDF800A7A2C8 /* Assets.xcassets */; };
		CBC6ADAE2473EDF800A7A2C8 /* LaunchScreen.storyboard in Resources */ = {isa = PBXBuildFile; fileRef = CBC6ADAC2473EDF800A7A2C8 /* LaunchScreen.storyboard */; };
		CBC6ADB62473F30D00A7A2C8 /* CurrentRate.swift in Sources */ = {isa = PBXBuildFile; fileRef = CBC6ADB52473F30D00A7A2C8 /* CurrentRate.swift */; };
		CBC6ADB82476F34900A7A2C8 /* APIManager.swift in Sources */ = {isa = PBXBuildFile; fileRef = CBC6ADB72476F34900A7A2C8 /* APIManager.swift */; };
		CBC6ADBA2477038E00A7A2C8 /* ErrorManager.swift in Sources */ = {isa = PBXBuildFile; fileRef = CBC6ADB92477038E00A7A2C8 /* ErrorManager.swift */; };
		CBC6ADBD247720CC00A7A2C8 /* APIRatesManager.swift in Sources */ = {isa = PBXBuildFile; fileRef = CBC6ADBC247720CC00A7A2C8 /* APIRatesManager.swift */; };
/* End PBXBuildFile section */

/* Begin PBXFileReference section */
		CBC6AD9E2473EDF200A7A2C8 /* ExchangeRates.app */ = {isa = PBXFileReference; explicitFileType = wrapper.application; includeInIndex = 0; path = ExchangeRates.app; sourceTree = BUILT_PRODUCTS_DIR; };
		CBC6ADA12473EDF200A7A2C8 /* AppDelegate.swift */ = {isa = PBXFileReference; lastKnownFileType = sourcecode.swift; path = AppDelegate.swift; sourceTree = "<group>"; };
		CBC6ADA32473EDF200A7A2C8 /* SceneDelegate.swift */ = {isa = PBXFileReference; lastKnownFileType = sourcecode.swift; path = SceneDelegate.swift; sourceTree = "<group>"; };
		CBC6ADA52473EDF200A7A2C8 /* ViewController.swift */ = {isa = PBXFileReference; lastKnownFileType = sourcecode.swift; path = ViewController.swift; sourceTree = "<group>"; };
		CBC6ADA82473EDF200A7A2C8 /* Base */ = {isa = PBXFileReference; lastKnownFileType = file.storyboard; name = Base; path = Base.lproj/Main.storyboard; sourceTree = "<group>"; };
		CBC6ADAA2473EDF800A7A2C8 /* Assets.xcassets */ = {isa = PBXFileReference; lastKnownFileType = folder.assetcatalog; path = Assets.xcassets; sourceTree = "<group>"; };
		CBC6ADAD2473EDF800A7A2C8 /* Base */ = {isa = PBXFileReference; lastKnownFileType = file.storyboard; name = Base; path = Base.lproj/LaunchScreen.storyboard; sourceTree = "<group>"; };
		CBC6ADAF2473EDF800A7A2C8 /* Info.plist */ = {isa = PBXFileReference; lastKnownFileType = text.plist.xml; path = Info.plist; sourceTree = "<group>"; };
		CBC6ADB52473F30D00A7A2C8 /* CurrentRate.swift */ = {isa = PBXFileReference; lastKnownFileType = sourcecode.swift; path = CurrentRate.swift; sourceTree = "<group>"; };
		CBC6ADB72476F34900A7A2C8 /* APIManager.swift */ = {isa = PBXFileReference; lastKnownFileType = sourcecode.swift; path = APIManager.swift; sourceTree = "<group>"; };
		CBC6ADB92477038E00A7A2C8 /* ErrorManager.swift */ = {isa = PBXFileReference; lastKnownFileType = sourcecode.swift; path = ErrorManager.swift; sourceTree = "<group>"; };
		CBC6ADBC247720CC00A7A2C8 /* APIRatesManager.swift */ = {isa = PBXFileReference; lastKnownFileType = sourcecode.swift; path = APIRatesManager.swift; sourceTree = "<group>"; };
/* End PBXFileReference section */

/* Begin PBXFrameworksBuildPhase section */
		CBC6AD9B2473EDF200A7A2C8 /* Frameworks */ = {
			isa = PBXFrameworksBuildPhase;
			buildActionMask = 2147483647;
			files = (
			);
			runOnlyForDeploymentPostprocessing = 0;
		};
/* End PBXFrameworksBuildPhase section */

/* Begin PBXGroup section */
		CBC6AD952473EDF200A7A2C8 = {
			isa = PBXGroup;
			children = (
				CBC6ADA02473EDF200A7A2C8 /* ExchangeRates */,
				CBC6AD9F2473EDF200A7A2C8 /* Products */,
			);
			sourceTree = "<group>";
		};
		CBC6AD9F2473EDF200A7A2C8 /* Products */ = {
			isa = PBXGroup;
			children = (
				CBC6AD9E2473EDF200A7A2C8 /* ExchangeRates.app */,
			);
			name = Products;
			sourceTree = "<group>";
		};
		CBC6ADA02473EDF200A7A2C8 /* ExchangeRates */ = {
			isa = PBXGroup;
			children = (
				CBC6ADB72476F34900A7A2C8 /* APIManager.swift */,
				CBC6ADBC247720CC00A7A2C8 /* APIRatesManager.swift */,
				CBC6ADB92477038E00A7A2C8 /* ErrorManager.swift */,
				CBC6ADA12473EDF200A7A2C8 /* AppDelegate.swift */,
				CBC6ADA32473EDF200A7A2C8 /* SceneDelegate.swift */,
				CBC6ADA52473EDF200A7A2C8 /* ViewController.swift */,
				CBC6ADBB247703CE00A7A2C8 /* RateModel */,
				CBC6ADA72473EDF200A7A2C8 /* Main.storyboard */,
				CBC6ADAA2473EDF800A7A2C8 /* Assets.xcassets */,
				CBC6ADAC2473EDF800A7A2C8 /* LaunchScreen.storyboard */,
				CBC6ADAF2473EDF800A7A2C8 /* Info.plist */,
			);
			path = ExchangeRates;
			sourceTree = "<group>";
		};
		CBC6ADBB247703CE00A7A2C8 /* RateModel */ = {
			isa = PBXGroup;
			children = (
				CBC6ADB52473F30D00A7A2C8 /* CurrentRate.swift */,
			);
			path = RateModel;
			sourceTree = "<group>";
		};
/* End PBXGroup section */

/* Begin PBXNativeTarget section */
		CBC6AD9D2473EDF200A7A2C8 /* ExchangeRates */ = {
			isa = PBXNativeTarget;
			buildConfigurationList = CBC6ADB22473EDF800A7A2C8 /* Build configuration list for PBXNativeTarget "ExchangeRates" */;
			buildPhases = (
				CBC6AD9A2473EDF200A7A2C8 /* Sources */,
				CBC6AD9B2473EDF200A7A2C8 /* Frameworks */,
				CBC6AD9C2473EDF200A7A2C8 /* Resources */,
			);
			buildRules = (
			);
			dependencies = (
			);
			name = ExchangeRates;
			productName = ExchangeRates;
			productReference = CBC6AD9E2473EDF200A7A2C8 /* ExchangeRates.app */;
			productType = "com.apple.product-type.application";
		};
/* End PBXNativeTarget section */

/* Begin PBXProject section */
		CBC6AD962473EDF200A7A2C8 /* Project object */ = {
			isa = PBXProject;
			attributes = {
				LastSwiftUpdateCheck = 1140;
				LastUpgradeCheck = 1140;
				ORGANIZATIONNAME = "Andrew K";
				TargetAttributes = {
					CBC6AD9D2473EDF200A7A2C8 = {
						CreatedOnToolsVersion = 11.4;
					};
				};
			};
			buildConfigurationList = CBC6AD992473EDF200A7A2C8 /* Build configuration list for PBXProject "ExchangeRates" */;
			compatibilityVersion = "Xcode 9.3";
			developmentRegion = en;
			hasScannedForEncodings = 0;
			knownRegions = (
				en,
				Base,
			);
			mainGroup = CBC6AD952473EDF200A7A2C8;
			productRefGroup = CBC6AD9F2473EDF200A7A2C8 /* Products */;
			projectDirPath = "";
			projectRoot = "";
			targets = (
				CBC6AD9D2473EDF200A7A2C8 /* ExchangeRates */,
			);
		};
/* End PBXProject section */

/* Begin PBXResourcesBuildPhase section */
		CBC6AD9C2473EDF200A7A2C8 /* Resources */ = {
			isa = PBXResourcesBuildPhase;
			buildActionMask = 2147483647;
			files = (
				CBC6ADAE2473EDF800A7A2C8 /* LaunchScreen.storyboard in Resources */,
				CBC6ADAB2473EDF800A7A2C8 /* Assets.xcassets in Resources */,
				CBC6ADA92473EDF200A7A2C8 /* Main.storyboard in Resources */,
			);
			runOnlyForDeploymentPostprocessing = 0;
		};
/* End PBXResourcesBuildPhase section */

/* Begin PBXSourcesBuildPhase section */
		CBC6AD9A2473EDF200A7A2C8 /* Sources */ = {
			isa = PBXSourcesBuildPhase;
			buildActionMask = 2147483647;
			files = (
				CBC6ADBA2477038E00A7A2C8 /* ErrorManager.swift in Sources */,
				CBC6ADA62473EDF200A7A2C8 /* ViewController.swift in Sources */,
				CBC6ADA22473EDF200A7A2C8 /* AppDelegate.swift in Sources */,
				CBC6ADB82476F34900A7A2C8 /* APIManager.swift in Sources */,
				CBC6ADBD247720CC00A7A2C8 /* APIRatesManager.swift in Sources */,
				CBC6ADA42473EDF200A7A2C8 /* SceneDelegate.swift in Sources */,
				CBC6ADB62473F30D00A7A2C8 /* CurrentRate.swift in Sources */,
			);
			runOnlyForDeploymentPostprocessing = 0;
		};
/* End PBXSourcesBuildPhase section */

/* Begin PBXVariantGroup section */
		CBC6ADA72473EDF200A7A2C8 /* Main.storyboard */ = {
			isa = PBXVariantGroup;
			children = (
				CBC6ADA82473EDF200A7A2C8 /* Base */,
			);
			name = Main.storyboard;
			sourceTree = "<group>";
		};
		CBC6ADAC2473EDF800A7A2C8 /* LaunchScreen.storyboard */ = {
			isa = PBXVariantGroup;
			children = (
				CBC6ADAD2473EDF800A7A2C8 /* Base */,
			);
			name = LaunchScreen.storyboard;
			sourceTree = "<group>";
		};
/* End PBXVariantGroup section */

/* Begin XCBuildConfiguration section */
		CBC6ADB02473EDF800A7A2C8 /* Debug */ = {
			isa = XCBuildConfiguration;
			buildSettings = {
				ALWAYS_SEARCH_USER_PATHS = NO;
				CLANG_ANALYZER_NONNULL = YES;
				CLANG_ANALYZER_NUMBER_OBJECT_CONVERSION = YES_AGGRESSIVE;
				CLANG_CXX_LANGUAGE_STANDARD = "gnu++14";
				CLANG_CXX_LIBRARY = "libc++";
				CLANG_ENABLE_MODULES = YES;
				CLANG_ENABLE_OBJC_ARC = YES;
				CLANG_ENABLE_OBJC_WEAK = YES;
				CLANG_WARN_BLOCK_CAPTURE_AUTORELEASING = YES;
				CLANG_WARN_BOOL_CONVERSION = YES;
				CLANG_WARN_COMMA = YES;
				CLANG_WARN_CONSTANT_CONVERSION = YES;
				CLANG_WARN_DEPRECATED_OBJC_IMPLEMENTATIONS = YES;
				CLANG_WARN_DIRECT_OBJC_ISA_USAGE = YES_ERROR;
				CLANG_WARN_DOCUMENTATION_COMMENTS = YES;
				CLANG_WARN_EMPTY_BODY = YES;
				CLANG_WARN_ENUM_CONVERSION = YES;
				CLANG_WARN_INFINITE_RECURSION = YES;
				CLANG_WARN_INT_CONVERSION = YES;
				CLANG_WARN_NON_LITERAL_NULL_CONVERSION = YES;
				CLANG_WARN_OBJC_IMPLICIT_RETAIN_SELF = YES;
				CLANG_WARN_OBJC_LITERAL_CONVERSION = YES;
				CLANG_WARN_OBJC_ROOT_CLASS = YES_ERROR;
				CLANG_WARN_RANGE_LOOP_ANALYSIS = YES;
				CLANG_WARN_STRICT_PROTOTYPES = YES;
				CLANG_WARN_SUSPICIOUS_MOVE = YES;
				CLANG_WARN_UNGUARDED_AVAILABILITY = YES_AGGRESSIVE;
				CLANG_WARN_UNREACHABLE_CODE = YES;
				CLANG_WARN__DUPLICATE_METHOD_MATCH = YES;
				COPY_PHASE_STRIP = NO;
				DEBUG_INFORMATION_FORMAT = dwarf;
				ENABLE_STRICT_OBJC_MSGSEND = YES;
				ENABLE_TESTABILITY = YES;
				GCC_C_LANGUAGE_STANDARD = gnu11;
				GCC_DYNAMIC_NO_PIC = NO;
				GCC_NO_COMMON_BLOCKS = YES;
				GCC_OPTIMIZATION_LEVEL = 0;
				GCC_PREPROCESSOR_DEFINITIONS = (
					"DEBUG=1",
					"$(inherited)",
				);
				GCC_WARN_64_TO_32_BIT_CONVERSION = YES;
				GCC_WARN_ABOUT_RETURN_TYPE = YES_ERROR;
				GCC_WARN_UNDECLARED_SELECTOR = YES;
				GCC_WARN_UNINITIALIZED_AUTOS = YES_AGGRESSIVE;
				GCC_WARN_UNUSED_FUNCTION = YES;
				GCC_WARN_UNUSED_VARIABLE = YES;
				IPHONEOS_DEPLOYMENT_TARGET = 13.4;
				MTL_ENABLE_DEBUG_INFO = INCLUDE_SOURCE;
				MTL_FAST_MATH = YES;
				ONLY_ACTIVE_ARCH = YES;
				SDKROOT = iphoneos;
				SWIFT_ACTIVE_COMPILATION_CONDITIONS = DEBUG;
				SWIFT_OPTIMIZATION_LEVEL = "-Onone";
			};
			name = Debug;
		};
		CBC6ADB12473EDF800A7A2C8 /* Release */ = {
			isa = XCBuildConfiguration;
			buildSettings = {
				ALWAYS_SEARCH_USER_PATHS = NO;
				CLANG_ANALYZER_NONNULL = YES;
				CLANG_ANALYZER_NUMBER_OBJECT_CONVERSION = YES_AGGRESSIVE;
				CLANG_CXX_LANGUAGE_STANDARD = "gnu++14";
				CLANG_CXX_LIBRARY = "libc++";
				CLANG_ENABLE_MODULES = YES;
				CLANG_ENABLE_OBJC_ARC = YES;
				CLANG_ENABLE_OBJC_WEAK = YES;
				CLANG_WARN_BLOCK_CAPTURE_AUTORELEASING = YES;
				CLANG_WARN_BOOL_CONVERSION = YES;
				CLANG_WARN_COMMA = YES;
				CLANG_WARN_CONSTANT_CONVERSION = YES;
				CLANG_WARN_DEPRECATED_OBJC_IMPLEMENTATIONS = YES;
				CLANG_WARN_DIRECT_OBJC_ISA_USAGE = YES_ERROR;
				CLANG_WARN_DOCUMENTATION_COMMENTS = YES;
				CLANG_WARN_EMPTY_BODY = YES;
				CLANG_WARN_ENUM_CONVERSION = YES;
				CLANG_WARN_INFINITE_RECURSION = YES;
				CLANG_WARN_INT_CONVERSION = YES;
				CLANG_WARN_NON_LITERAL_NULL_CONVERSION = YES;
				CLANG_WARN_OBJC_IMPLICIT_RETAIN_SELF = YES;
				CLANG_WARN_OBJC_LITERAL_CONVERSION = YES;
				CLANG_WARN_OBJC_ROOT_CLASS = YES_ERROR;
				CLANG_WARN_RANGE_LOOP_ANALYSIS = YES;
				CLANG_WARN_STRICT_PROTOTYPES = YES;
				CLANG_WARN_SUSPICIOUS_MOVE = YES;
				CLANG_WARN_UNGUARDED_AVAILABILITY = YES_AGGRESSIVE;
				CLANG_WARN_UNREACHABLE_CODE = YES;
				CLANG_WARN__DUPLICATE_METHOD_MATCH = YES;
				COPY_PHASE_STRIP = NO;
				DEBUG_INFORMATION_FORMAT = "dwarf-with-dsym";
				ENABLE_NS_ASSERTIONS = NO;
				ENABLE_STRICT_OBJC_MSGSEND = YES;
				GCC_C_LANGUAGE_STANDARD = gnu11;
				GCC_NO_COMMON_BLOCKS = YES;
				GCC_WARN_64_TO_32_BIT_CONVERSION = YES;
				GCC_WARN_ABOUT_RETURN_TYPE = YES_ERROR;
				GCC_WARN_UNDECLARED_SELECTOR = YES;
				GCC_WARN_UNINITIALIZED_AUTOS = YES_AGGRESSIVE;
				GCC_WARN_UNUSED_FUNCTION = YES;
				GCC_WARN_UNUSED_VARIABLE = YES;
				IPHONEOS_DEPLOYMENT_TARGET = 13.4;
				MTL_ENABLE_DEBUG_INFO = NO;
				MTL_FAST_MATH = YES;
				SDKROOT = iphoneos;
				SWIFT_COMPILATION_MODE = wholemodule;
				SWIFT_OPTIMIZATION_LEVEL = "-O";
				VALIDATE_PRODUCT = YES;
			};
			name = Release;
		};
		CBC6ADB32473EDF800A7A2C8 /* Debug */ = {
			isa = XCBuildConfiguration;
			buildSettings = {
				ASSETCATALOG_COMPILER_APPICON_NAME = AppIcon;
				CODE_SIGN_STYLE = Automatic;
				INFOPLIST_FILE = ExchangeRates/Info.plist;
				LD_RUNPATH_SEARCH_PATHS = (
					"$(inherited)",
					"@executable_path/Frameworks",
				);
				PRODUCT_BUNDLE_IDENTIFIER = "Andrew-K.ExchangeRates";
				PRODUCT_NAME = "$(TARGET_NAME)";
				SWIFT_VERSION = 5.0;
				TARGETED_DEVICE_FAMILY = "1,2";
			};
			name = Debug;
		};
		CBC6ADB42473EDF800A7A2C8 /* Release */ = {
			isa = XCBuildConfiguration;
			buildSettings = {
				ASSETCATALOG_COMPILER_APPICON_NAME = AppIcon;
				CODE_SIGN_STYLE = Automatic;
				INFOPLIST_FILE = ExchangeRates/Info.plist;
				LD_RUNPATH_SEARCH_PATHS = (
					"$(inherited)",
					"@executable_path/Frameworks",
				);
				PRODUCT_BUNDLE_IDENTIFIER = "Andrew-K.ExchangeRates";
				PRODUCT_NAME = "$(TARGET_NAME)";
				SWIFT_VERSION = 5.0;
				TARGETED_DEVICE_FAMILY = "1,2";
			};
			name = Release;
		};
/* End XCBuildConfiguration section */

/* Begin XCConfigurationList section */
		CBC6AD992473EDF200A7A2C8 /* Build configuration list for PBXProject "ExchangeRates" */ = {
			isa = XCConfigurationList;
			buildConfigurations = (
				CBC6ADB02473EDF800A7A2C8 /* Debug */,
				CBC6ADB12473EDF800A7A2C8 /* Release */,
			);
			defaultConfigurationIsVisible = 0;
			defaultConfigurationName = Release;
		};
		CBC6ADB22473EDF800A7A2C8 /* Build configuration list for PBXNativeTarget "ExchangeRates" */ = {
			isa = XCConfigurationList;
			buildConfigurations = (
				CBC6ADB32473EDF800A7A2C8 /* Debug */,
				CBC6ADB42473EDF800A7A2C8 /* Release */,
			);
			defaultConfigurationIsVisible = 0;
			defaultConfigurationName = Release;
		};
/* End XCConfigurationList section */
	};
	rootObject = CBC6AD962473EDF200A7A2C8 /* Project object */;
}
